
Microsoft Visual Studio Solution File, Format Version 12.00
# Visual Studio Version 16
VisualStudioVersion = 16.0.29920.165
MinimumVisualStudioVersion = 10.0.40219.1
Project("{FAE04EC0-301F-11D3-BF4B-00C04F79EFBC}") = "vchmat4", "vchmat4\vchmat4.csproj", "{FC5B52F0-4C4C-4D93-BDE2-721F787E464A}"
EndProject
Global
	GlobalSection(SolutionConfigurationPlatforms) = preSolution
		Debug|Any CPU = Debug|Any CPU
		Release|Any CPU = Release|Any CPU
	EndGlobalSection
	GlobalSection(ProjectConfigurationPlatforms) = postSolution
		{FC5B52F0-4C4C-4D93-BDE2-721F787E464A}.Debug|Any CPU.ActiveCfg = Debug|Any CPU
		{FC5B52F0-4C4C-4D93-BDE2-721F787E464A}.Debug|Any CPU.Build.0 = Debug|Any CPU
		{FC5B52F0-4C4C-4D93-BDE2-721F787E464A}.Release|Any CPU.ActiveCfg = Release|Any CPU
		{FC5B52F0-4C4C-4D93-BDE2-721F787E464A}.Release|Any CPU.Build.0 = Release|Any CPU
	EndGlobalSection
	GlobalSection(SolutionProperties) = preSolution
		HideSolutionNode = FALSE
	EndGlobalSection
	GlobalSection(ExtensibilityGlobals) = postSolution
		SolutionGuid = {56F113D0-B942-4FFD-82CD-9028911A0781}
	EndGlobalSection
EndGlobal
